
Microsoft Visual Studio Solution File, Format Version 12.00
# Visual Studio Version 17
VisualStudioVersion = 17.8.34511.84
MinimumVisualStudioVersion = 10.0.40219.1
Project("{FAE04EC0-301F-11D3-BF4B-00C04F79EFBC}") = "Contactly", "Contactly\Contactly.csproj", "{1E780429-B733-4AB1-8108-FC7B7FD50CBD}"
EndProject
Global
	GlobalSection(SolutionConfigurationPlatforms) = preSolution
		Debug|Any CPU = Debug|Any CPU
		Release|Any CPU = Release|Any CPU
	EndGlobalSection
	GlobalSection(ProjectConfigurationPlatforms) = postSolution
		{1E780429-B733-4AB1-8108-FC7B7FD50CBD}.Debug|Any CPU.ActiveCfg = Debug|Any CPU
		{1E780429-B733-4AB1-8108-FC7B7FD50CBD}.Debug|Any CPU.Build.0 = Debug|Any CPU
		{1E780429-B733-4AB1-8108-FC7B7FD50CBD}.Release|Any CPU.ActiveCfg = Release|Any CPU
		{1E780429-B733-4AB1-8108-FC7B7FD50CBD}.Release|Any CPU.Build.0 = Release|Any CPU
	EndGlobalSection
	GlobalSection(SolutionProperties) = preSolution
		HideSolutionNode = FALSE
	EndGlobalSection
	GlobalSection(ExtensibilityGlobals) = postSolution
		SolutionGuid = {C8E85A0C-486F-4230-BC42-B44000172EF0}
	EndGlobalSection
EndGlobal
